
Microsoft Visual Studio Solution File, Format Version 12.00
# Visual Studio 15
VisualStudioVersion = 15.0.28307.705
MinimumVisualStudioVersion = 10.0.40219.1
Project("{FAE04EC0-301F-11D3-BF4B-00C04F79EFBC}") = "EmployeeWebApplication", "EmployeeWebApplication\EmployeeWebApplication.csproj", "{B887616E-D164-4157-9849-55EF08D9BE97}"
EndProject
Global
	GlobalSection(SolutionConfigurationPlatforms) = preSolution
		Debug|Any CPU = Debug|Any CPU
		Release|Any CPU = Release|Any CPU
	EndGlobalSection
	GlobalSection(ProjectConfigurationPlatforms) = postSolution
		{B887616E-D164-4157-9849-55EF08D9BE97}.Debug|Any CPU.ActiveCfg = Debug|Any CPU
		{B887616E-D164-4157-9849-55EF08D9BE97}.Debug|Any CPU.Build.0 = Debug|Any CPU
		{B887616E-D164-4157-9849-55EF08D9BE97}.Release|Any CPU.ActiveCfg = Release|Any CPU
		{B887616E-D164-4157-9849-55EF08D9BE97}.Release|Any CPU.Build.0 = Release|Any CPU
	EndGlobalSection
	GlobalSection(SolutionProperties) = preSolution
		HideSolutionNode = FALSE
	EndGlobalSection
	GlobalSection(ExtensibilityGlobals) = postSolution
		SolutionGuid = {E415645D-880F-47E0-9746-2CC70EF93572}
	EndGlobalSection
EndGlobal
